{
    "_readme": [
        "This file locks the dependencies of your project to a known state",
        "Read more about it at https://getcomposer.org/doc/01-basic-usage.md#installing-dependencies",
        "This file is @generated automatically"
    ],
    "content-hash": "8a1813cf937d7ebd07b93ebbc0c67b21",
    "packages": [
        {
            "name": "fzaninotto/faker",
            "version": "v1.5.0",
            "source": {
                "type": "git",
                "url": "https://github.com/fzaninotto/Faker.git",
                "reference": "d0190b156bcca848d401fb80f31f504f37141c8d"
            },
            "dist": {
                "type": "zip",
                "url": "https://api.github.com/repos/fzaninotto/Faker/zipball/d0190b156bcca848d401fb80f31f504f37141c8d",
                "reference": "d0190b156bcca848d401fb80f31f504f37141c8d",
                "shasum": ""
            },
            "require": {
                "php": ">=5.3.3"
            },
            "require-dev": {
                "phpunit/phpunit": "~4.0",
                "squizlabs/php_codesniffer": "~1.5"
            },
            "suggest": {
                "ext-intl": "*"
            },
            "type": "library",
            "extra": {
                "branch-alias": {
                    "dev-master": "1.5.x-dev"
                }
            },
            "autoload": {
                "psr-4": {
                    "Faker\\": "src/Faker/"
                }
            },
            "notification-url": "https://packagist.org/downloads/",
            "license": [
                "MIT"
            ],
            "authors": [
                {
                    "name": "François Zaninotto"
                }
            ],
            "description": "Faker is a PHP library that generates fake data for you.",
            "keywords": [
                "data",
                "faker",
                "fixtures"
            ],
            "support": {
                "issues": "https://github.com/fzaninotto/Faker/issues",
                "source": "https://github.com/fzaninotto/Faker/tree/master"
            },
            "abandoned": true,
            "time": "2015-05-29T06:29:14+00:00"
        },
        {
            "name": "mcstreetguy/composer-parser",
            "version": "v1.1.0",
            "source": {
                "type": "git",
                "url": "https://github.com/MCStreetguy/ComposerParser.git",
                "reference": "c4f15b82520a9a1780b3fdd0fde91cbc0f3a1add"
            },
            "dist": {
                "type": "zip",
                "url": "https://api.github.com/repos/MCStreetguy/ComposerParser/zipball/c4f15b82520a9a1780b3fdd0fde91cbc0f3a1add",
                "reference": "c4f15b82520a9a1780b3fdd0fde91cbc0f3a1add",
                "shasum": ""
            },
            "require-dev": {
                "mcstreetguy/tempearly": "^0.4.2"
            },
            "type": "library",
            "autoload": {
                "psr-4": {
                    "MCStreetguy\\ComposerParser\\": "src/"
                }
            },
            "notification-url": "https://packagist.org/downloads/",
            "license": [
                "MIT"
            ],
            "authors": [
                {
                    "name": "Maximilian Schmidt",
                    "email": "maximilianschmidt404@gmail.com"
                }
            ],
            "description": "A composer.json and lockfile parser.",
            "homepage": "https://github.com/MCStreetguy/ComposerLockParser",
            "support": {
                "issues": "https://github.com/MCStreetguy/ComposerParser/issues",
                "source": "https://github.com/MCStreetguy/ComposerParser/tree/master"
            },
            "time": "2019-09-12T19:31:18+00:00"
        },
        {
            "name": "str/str",
            "version": "1.1.3",
            "source": {
                "type": "git",
                "url": "https://github.com/fe3dback/str.git",
                "reference": "2e1b2d27a11b698564ac3097a7b011ff6d78c5c8"
            },
            "dist": {
                "type": "zip",
                "url": "https://api.github.com/repos/fe3dback/str/zipball/2e1b2d27a11b698564ac3097a7b011ff6d78c5c8",
                "reference": "2e1b2d27a11b698564ac3097a7b011ff6d78c5c8",
                "shasum": ""
            },
            "require": {
                "ext-json": "*",
                "ext-mbstring": "*",
                "php": ">=7.2.0"
            },
            "require-dev": {
                "danielstjules/stringy": "3.1",
                "php-coveralls/php-coveralls": "^2.4",
                "phpbench/phpbench": "dev-master",
                "phpdocumentor/reflection-docblock": "^5.2",
                "phpunit/phpunit": "^8.5",
                "ramsey/uuid": "^4.1"
            },
            "type": "library",
            "autoload": {
                "psr-4": {
                    "Str\\": "src/"
                }
            },
            "notification-url": "https://packagist.org/downloads/",
            "license": [
                "MIT"
            ],
            "authors": [
                {
                    "name": "fe3dback",
                    "email": "fe3dback@yandex.ru"
                },
                {
                    "name": "irhen",
                    "email": "personalwonderland@gmail.com"
                },
                {
                    "name": "Daniel St. Jules",
                    "email": "danielst.jules@gmail.com",
                    "homepage": "http://www.danielstjules.com"
                }
            ],
            "description": "A fast modern string manipulation library with multibyte support. Based on Stringy, with focus on speed.",
            "homepage": "https://github.com/fe3dback/str",
            "support": {
                "issues": "https://github.com/fe3dback/str/issues",
                "source": "https://github.com/fe3dback/str"
            },
            "time": "2021-03-21T19:48:09+00:00"
        }
    ],
    "packages-dev": [],
    "aliases": [],
    "minimum-stability": "stable",
    "stability-flags": [],
    "prefer-stable": false,
    "prefer-lowest": false,
    "platform": [],
    "platform-dev": [],
    "plugin-api-version": "2.3.0"
}
